Microsoft Visual Studio Solution File, Format Version 12.00
# Visual Studio Version 18
VisualStudioVersion = 18.3.11408.92
MinimumVisualStudioVersion = 10.0.40219.1
Project("{2150E333-8FDC-42A3-9474-1A3956D46DE8}") = "Backend", "Backend", "{1AE8ACA6-933B-BF2A-3671-3E2EAC007D16}"
EndProject
Project("{FAE04EC0-301F-11D3-BF4B-00C04F79EFBC}") = "Domain", "Domain\Domain.csproj", "{B514FE88-4F0B-4ED9-A599-E43B16F8E5A7}"
EndProject
Project("{FAE04EC0-301F-11D3-BF4B-00C04F79EFBC}") = "Application", "Application\Application.csproj", "{BE8ED975-9A7F-4D93-992A-73B12BCD7367}"
EndProject
Project("{FAE04EC0-301F-11D3-BF4B-00C04F79EFBC}") = "Infrastructure.Postgres", "Infrastructure\Infrastructure.Postgres.csproj", "{555B5FE7-02AA-459D-A7B8-56E134C3BBFA}"
EndProject
Project("{FAE04EC0-301F-11D3-BF4B-00C04F79EFBC}") = "Common", "Common\Common.csproj", "{60AB1567-8420-4A92-89A9-7554240466A9}"
EndProject
Project("{2150E333-8FDC-42A3-9474-1A3956D46DE8}") = "Backend.Infrastructure", "Backend.Infrastructure", "{7E28D5F9-C1E9-409A-875E-D3B769C2E4A5}"
EndProject
Project("{2150E333-8FDC-42A3-9474-1A3956D46DE8}") = "Presentation", "Presentation", "{2CA018FD-9A99-4EBB-A639-E9927EA8F04D}"
EndProject
Project("{FAE04EC0-301F-11D3-BF4B-00C04F79EFBC}") = "Api", "Api\Api.csproj", "{7819CFF9-B35E-4A40-BF33-6EC3FB809A79}"
EndProject
Project("{FAE04EC0-301F-11D3-BF4B-00C04F79EFBC}") = "DatabaseFristPostgres", "DatabaseFristPostgres\DatabaseFristPostgres.csproj", "{CC728AF8-1908-4AEA-B35E-31D2854E2D62}"
EndProject
Project("{FAE04EC0-301F-11D3-BF4B-00C04F79EFBC}") = "Infrastructure.Redis", "Infrastructure.Redis\Infrastructure.Redis.csproj", "{2E81396F-AF7D-4AAC-A9B5-F9FA31871A6F}"
EndProject
Project("{FAE04EC0-301F-11D3-BF4B-00C04F79EFBC}") = "Infrastructure.Kafka", "Infrastructure.Kafka\Infrastructure.Kafka.csproj", "{3E502F54-3B95-43D6-92AF-E6CDA26C1387}"
EndProject
Project("{FAE04EC0-301F-11D3-BF4B-00C04F79EFBC}") = "Infrastructure.Hangfire", "Infrastructure.Hangfire\Infrastructure.Hangfire.csproj", "{C1BBCF7A-55CC-4141-B949-D257DA3718B0}"
EndProject
Project("{2150E333-8FDC-42A3-9474-1A3956D46DE8}") = "Core", "Core", "{4222B180-C1D9-4CB2-8902-182864A733F8}"
EndProject
Project("{FAE04EC0-301F-11D3-BF4B-00C04F79EFBC}") = "Test", "Test\Test.csproj", "{B4637F7A-6F77-4F2D-9FC2-B1F04398E7DD}"
EndProject
Project("{2150E333-8FDC-42A3-9474-1A3956D46DE8}") = "UnitTest", "UnitTest", "{0DD18A7B-9AE4-425F-9001-81486A97BFA9}"
EndProject
Project("{FAE04EC0-301F-11D3-BF4B-00C04F79EFBC}") = "Application.UnitTests", "Application.UnitTests\Application.UnitTests.csproj", "{352D92E7-C5E2-4E55-A34F-6F30B72607BD}"
EndProject
Project("{FAE04EC0-301F-11D3-BF4B-00C04F79EFBC}") = "Infrastructure.IntegrationTests", "Infrastructure.IntegrationTests\Infrastructure.IntegrationTests.csproj", "{F5E088CE-C974-4195-9970-E21E02ABA267}"
EndProject
Project("{FAE04EC0-301F-11D3-BF4B-00C04F79EFBC}") = "Api.IntegrationTests", "Api.IntegrationTests\Api.IntegrationTests.csproj", "{77DFB8ED-9E87-4CB3-ACF6-76A5655E1ADE}"
EndProject
Global
	GlobalSection(SolutionConfigurationPlatforms) = preSolution
		Debug|Any CPU = Debug|Any CPU
		Release|Any CPU = Release|Any CPU
	EndGlobalSection
	GlobalSection(ProjectConfigurationPlatforms) = postSolution
		{B514FE88-4F0B-4ED9-A599-E43B16F8E5A7}.Debug|Any CPU.ActiveCfg = Debug|Any CPU
		{B514FE88-4F0B-4ED9-A599-E43B16F8E5A7}.Debug|Any CPU.Build.0 = Debug|Any CPU
		{B514FE88-4F0B-4ED9-A599-E43B16F8E5A7}.Release|Any CPU.ActiveCfg = Release|Any CPU
		{B514FE88-4F0B-4ED9-A599-E43B16F8E5A7}.Release|Any CPU.Build.0 = Release|Any CPU
		{BE8ED975-9A7F-4D93-992A-73B12BCD7367}.Debug|Any CPU.ActiveCfg = Debug|Any CPU
		{BE8ED975-9A7F-4D93-992A-73B12BCD7367}.Debug|Any CPU.Build.0 = Debug|Any CPU
		{BE8ED975-9A7F-4D93-992A-73B12BCD7367}.Release|Any CPU.ActiveCfg = Release|Any CPU
		{BE8ED975-9A7F-4D93-992A-73B12BCD7367}.Release|Any CPU.Build.0 = Release|Any CPU
		{555B5FE7-02AA-459D-A7B8-56E134C3BBFA}.Debug|Any CPU.ActiveCfg = Debug|Any CPU
		{555B5FE7-02AA-459D-A7B8-56E134C3BBFA}.Debug|Any CPU.Build.0 = Debug|Any CPU
		{555B5FE7-02AA-459D-A7B8-56E134C3BBFA}.Release|Any CPU.ActiveCfg = Release|Any CPU
		{555B5FE7-02AA-459D-A7B8-56E134C3BBFA}.Release|Any CPU.Build.0 = Release|Any CPU
		{60AB1567-8420-4A92-89A9-7554240466A9}.Debug|Any CPU.ActiveCfg = Debug|Any CPU
		{60AB1567-8420-4A92-89A9-7554240466A9}.Debug|Any CPU.Build.0 = Debug|Any CPU
		{60AB1567-8420-4A92-89A9-7554240466A9}.Release|Any CPU.ActiveCfg = Release|Any CPU
		{60AB1567-8420-4A92-89A9-7554240466A9}.Release|Any CPU.Build.0 = Release|Any CPU
		{7819CFF9-B35E-4A40-BF33-6EC3FB809A79}.Debug|Any CPU.ActiveCfg = Debug|Any CPU
		{7819CFF9-B35E-4A40-BF33-6EC3FB809A79}.Debug|Any CPU.Build.0 = Debug|Any CPU
		{7819CFF9-B35E-4A40-BF33-6EC3FB809A79}.Release|Any CPU.ActiveCfg = Release|Any CPU
		{7819CFF9-B35E-4A40-BF33-6EC3FB809A79}.Release|Any CPU.Build.0 = Release|Any CPU
		{CC728AF8-1908-4AEA-B35E-31D2854E2D62}.Debug|Any CPU.ActiveCfg = Debug|Any CPU
		{CC728AF8-1908-4AEA-B35E-31D2854E2D62}.Debug|Any CPU.Build.0 = Debug|Any CPU
		{CC728AF8-1908-4AEA-B35E-31D2854E2D62}.Release|Any CPU.ActiveCfg = Release|Any CPU
		{CC728AF8-1908-4AEA-B35E-31D2854E2D62}.Release|Any CPU.Build.0 = Release|Any CPU
		{2E81396F-AF7D-4AAC-A9B5-F9FA31871A6F}.Debug|Any CPU.ActiveCfg = Debug|Any CPU
		{2E81396F-AF7D-4AAC-A9B5-F9FA31871A6F}.Debug|Any CPU.Build.0 = Debug|Any CPU
		{2E81396F-AF7D-4AAC-A9B5-F9FA31871A6F}.Release|Any CPU.ActiveCfg = Release|Any CPU
		{2E81396F-AF7D-4AAC-A9B5-F9FA31871A6F}.Release|Any CPU.Build.0 = Release|Any CPU
		{3E502F54-3B95-43D6-92AF-E6CDA26C1387}.Debug|Any CPU.ActiveCfg = Debug|Any CPU
		{3E502F54-3B95-43D6-92AF-E6CDA26C1387}.Debug|Any CPU.Build.0 = Debug|Any CPU
		{3E502F54-3B95-43D6-92AF-E6CDA26C1387}.Release|Any CPU.ActiveCfg = Release|Any CPU
		{3E502F54-3B95-43D6-92AF-E6CDA26C1387}.Release|Any CPU.Build.0 = Release|Any CPU
		{C1BBCF7A-55CC-4141-B949-D257DA3718B0}.Debug|Any CPU.ActiveCfg = Debug|Any CPU
		{C1BBCF7A-55CC-4141-B949-D257DA3718B0}.Debug|Any CPU.Build.0 = Debug|Any CPU
		{C1BBCF7A-55CC-4141-B949-D257DA3718B0}.Release|Any CPU.ActiveCfg = Release|Any CPU
		{C1BBCF7A-55CC-4141-B949-D257DA3718B0}.Release|Any CPU.Build.0 = Release|Any CPU
		{B4637F7A-6F77-4F2D-9FC2-B1F04398E7DD}.Debug|Any CPU.ActiveCfg = Debug|Any CPU
		{B4637F7A-6F77-4F2D-9FC2-B1F04398E7DD}.Debug|Any CPU.Build.0 = Debug|Any CPU
		{B4637F7A-6F77-4F2D-9FC2-B1F04398E7DD}.Release|Any CPU.ActiveCfg = Release|Any CPU
		{B4637F7A-6F77-4F2D-9FC2-B1F04398E7DD}.Release|Any CPU.Build.0 = Release|Any CPU
		{352D92E7-C5E2-4E55-A34F-6F30B72607BD}.Debug|Any CPU.ActiveCfg = Debug|Any CPU
		{352D92E7-C5E2-4E55-A34F-6F30B72607BD}.Debug|Any CPU.Build.0 = Debug|Any CPU
		{352D92E7-C5E2-4E55-A34F-6F30B72607BD}.Release|Any CPU.ActiveCfg = Release|Any CPU
		{352D92E7-C5E2-4E55-A34F-6F30B72607BD}.Release|Any CPU.Build.0 = Release|Any CPU
		{F5E088CE-C974-4195-9970-E21E02ABA267}.Debug|Any CPU.ActiveCfg = Debug|Any CPU
		{F5E088CE-C974-4195-9970-E21E02ABA267}.Debug|Any CPU.Build.0 = Debug|Any CPU
		{F5E088CE-C974-4195-9970-E21E02ABA267}.Release|Any CPU.ActiveCfg = Release|Any CPU
		{F5E088CE-C974-4195-9970-E21E02ABA267}.Release|Any CPU.Build.0 = Release|Any CPU
		{77DFB8ED-9E87-4CB3-ACF6-76A5655E1ADE}.Debug|Any CPU.ActiveCfg = Debug|Any CPU
		{77DFB8ED-9E87-4CB3-ACF6-76A5655E1ADE}.Debug|Any CPU.Build.0 = Debug|Any CPU
		{77DFB8ED-9E87-4CB3-ACF6-76A5655E1ADE}.Release|Any CPU.ActiveCfg = Release|Any CPU
		{77DFB8ED-9E87-4CB3-ACF6-76A5655E1ADE}.Release|Any CPU.Build.0 = Release|Any CPU
	EndGlobalSection
	GlobalSection(SolutionProperties) = preSolution
		HideSolutionNode = FALSE
	EndGlobalSection
	GlobalSection(NestedProjects) = preSolution
		{B514FE88-4F0B-4ED9-A599-E43B16F8E5A7} = {4222B180-C1D9-4CB2-8902-182864A733F8}
		{BE8ED975-9A7F-4D93-992A-73B12BCD7367} = {4222B180-C1D9-4CB2-8902-182864A733F8}
		{555B5FE7-02AA-459D-A7B8-56E134C3BBFA} = {7E28D5F9-C1E9-409A-875E-D3B769C2E4A5}
		{60AB1567-8420-4A92-89A9-7554240466A9} = {4222B180-C1D9-4CB2-8902-182864A733F8}
		{7E28D5F9-C1E9-409A-875E-D3B769C2E4A5} = {1AE8ACA6-933B-BF2A-3671-3E2EAC007D16}
		{2CA018FD-9A99-4EBB-A639-E9927EA8F04D} = {1AE8ACA6-933B-BF2A-3671-3E2EAC007D16}
		{7819CFF9-B35E-4A40-BF33-6EC3FB809A79} = {2CA018FD-9A99-4EBB-A639-E9927EA8F04D}
		{CC728AF8-1908-4AEA-B35E-31D2854E2D62} = {7E28D5F9-C1E9-409A-875E-D3B769C2E4A5}
		{2E81396F-AF7D-4AAC-A9B5-F9FA31871A6F} = {7E28D5F9-C1E9-409A-875E-D3B769C2E4A5}
		{3E502F54-3B95-43D6-92AF-E6CDA26C1387} = {7E28D5F9-C1E9-409A-875E-D3B769C2E4A5}
		{C1BBCF7A-55CC-4141-B949-D257DA3718B0} = {7E28D5F9-C1E9-409A-875E-D3B769C2E4A5}
		{4222B180-C1D9-4CB2-8902-182864A733F8} = {1AE8ACA6-933B-BF2A-3671-3E2EAC007D16}
		{B4637F7A-6F77-4F2D-9FC2-B1F04398E7DD} = {0DD18A7B-9AE4-425F-9001-81486A97BFA9}
		{352D92E7-C5E2-4E55-A34F-6F30B72607BD} = {0DD18A7B-9AE4-425F-9001-81486A97BFA9}
		{F5E088CE-C974-4195-9970-E21E02ABA267} = {0DD18A7B-9AE4-425F-9001-81486A97BFA9}
		{77DFB8ED-9E87-4CB3-ACF6-76A5655E1ADE} = {0DD18A7B-9AE4-425F-9001-81486A97BFA9}
	EndGlobalSection
	GlobalSection(ExtensibilityGlobals) = postSolution
		SolutionGuid = {DE66A04F-9B28-4173-8072-805A6009F411}
	EndGlobalSection
EndGlobal
